
Microsoft Visual Studio Solution File, Format Version 12.00
# Visual Studio Version 17
VisualStudioVersion = 17.0.31903.59
MinimumVisualStudioVersion = 10.0.40219.1
Project("{FAE04EC0-301F-11D3-BF4B-00C04F79EFBC}") = "Hedonist.WebApi", "Hedonist.WebApi\Hedonist.WebApi.csproj", "{6BE82FFF-4CD5-42E4-BEAD-830D7CF348B9}"
EndProject
Project("{FAE04EC0-301F-11D3-BF4B-00C04F79EFBC}") = "Hedonist.Repository", "Hedonist.Repository\Hedonist.Repository.csproj", "{0F2E46B4-1EF3-49E3-BACD-FBC02C15442B}"
EndProject
Project("{FAE04EC0-301F-11D3-BF4B-00C04F79EFBC}") = "Hedonist.Models", "Hedonist.Models\Hedonist.Models.csproj", "{DD3DA6C1-C594-4E2C-9D15-EDEC214B859C}"
EndProject
Project("{FAE04EC0-301F-11D3-BF4B-00C04F79EFBC}") = "Hedonist.WinForm", "Hedonist.WinForm\Hedonist.WinForm.csproj", "{5403B928-892B-4879-A31D-703A845508B3}"
EndProject
Global
	GlobalSection(SolutionConfigurationPlatforms) = preSolution
		Debug|Any CPU = Debug|Any CPU
		Release|Any CPU = Release|Any CPU
	EndGlobalSection
	GlobalSection(ProjectConfigurationPlatforms) = postSolution
		{6BE82FFF-4CD5-42E4-BEAD-830D7CF348B9}.Debug|Any CPU.ActiveCfg = Debug|Any CPU
		{6BE82FFF-4CD5-42E4-BEAD-830D7CF348B9}.Debug|Any CPU.Build.0 = Debug|Any CPU
		{6BE82FFF-4CD5-42E4-BEAD-830D7CF348B9}.Release|Any CPU.ActiveCfg = Release|Any CPU
		{6BE82FFF-4CD5-42E4-BEAD-830D7CF348B9}.Release|Any CPU.Build.0 = Release|Any CPU
		{0F2E46B4-1EF3-49E3-BACD-FBC02C15442B}.Debug|Any CPU.ActiveCfg = Debug|Any CPU
		{0F2E46B4-1EF3-49E3-BACD-FBC02C15442B}.Debug|Any CPU.Build.0 = Debug|Any CPU
		{0F2E46B4-1EF3-49E3-BACD-FBC02C15442B}.Release|Any CPU.ActiveCfg = Release|Any CPU
		{0F2E46B4-1EF3-49E3-BACD-FBC02C15442B}.Release|Any CPU.Build.0 = Release|Any CPU
		{DD3DA6C1-C594-4E2C-9D15-EDEC214B859C}.Debug|Any CPU.ActiveCfg = Debug|Any CPU
		{DD3DA6C1-C594-4E2C-9D15-EDEC214B859C}.Debug|Any CPU.Build.0 = Debug|Any CPU
		{DD3DA6C1-C594-4E2C-9D15-EDEC214B859C}.Release|Any CPU.ActiveCfg = Release|Any CPU
		{DD3DA6C1-C594-4E2C-9D15-EDEC214B859C}.Release|Any CPU.Build.0 = Release|Any CPU
		{5403B928-892B-4879-A31D-703A845508B3}.Debug|Any CPU.ActiveCfg = Debug|Any CPU
		{5403B928-892B-4879-A31D-703A845508B3}.Debug|Any CPU.Build.0 = Debug|Any CPU
		{5403B928-892B-4879-A31D-703A845508B3}.Release|Any CPU.ActiveCfg = Release|Any CPU
		{5403B928-892B-4879-A31D-703A845508B3}.Release|Any CPU.Build.0 = Release|Any CPU
	EndGlobalSection
	GlobalSection(SolutionProperties) = preSolution
		HideSolutionNode = FALSE
	EndGlobalSection
	GlobalSection(ExtensibilityGlobals) = postSolution
		SolutionGuid = {85084F39-FD5D-4A84-B2B0-40B7EE3E7CCF}
	EndGlobalSection
EndGlobal
